
Microsoft Visual Studio Solution File, Format Version 12.00
# Visual Studio Version 17
VisualStudioVersion = 17.6.33829.357
MinimumVisualStudioVersion = 10.0.40219.1
Project("{9A19103F-16F7-4668-BE54-9A1E7A4F7556}") = "MusicStore.Server", "MusicStore.Server\MusicStore.Server.csproj", "{08399291-D3AE-4E72-B301-CD76D3D716C0}"
EndProject
Project("{2150E333-8FDC-42A3-9474-1A3956D46DE8}") = "Solution Items", "Solution Items", "{E2B8591D-7FE2-49A9-AB5B-4FC037713226}"
	ProjectSection(SolutionItems) = preProject
		.gitignore = .gitignore
		docker-compose.yml = docker-compose.yml
		readme.md = readme.md
		private\tasks.md = private\tasks.md
	EndProjectSection
EndProject
Project("{9A19103F-16F7-4668-BE54-9A1E7A4F7556}") = "MusicStore.Server.Tests.Integration", "MusicStore.Server.Tests.Integration\MusicStore.Server.Tests.Integration.csproj", "{83ADDD75-FF6A-4C1C-A675-A1AB62CC29C9}"
EndProject
Global
	GlobalSection(SolutionConfigurationPlatforms) = preSolution
		Debug|Any CPU = Debug|Any CPU
		Release|Any CPU = Release|Any CPU
	EndGlobalSection
	GlobalSection(ProjectConfigurationPlatforms) = postSolution
		{08399291-D3AE-4E72-B301-CD76D3D716C0}.Debug|Any CPU.ActiveCfg = Debug|Any CPU
		{08399291-D3AE-4E72-B301-CD76D3D716C0}.Debug|Any CPU.Build.0 = Debug|Any CPU
		{08399291-D3AE-4E72-B301-CD76D3D716C0}.Release|Any CPU.ActiveCfg = Release|Any CPU
		{08399291-D3AE-4E72-B301-CD76D3D716C0}.Release|Any CPU.Build.0 = Release|Any CPU
		{83ADDD75-FF6A-4C1C-A675-A1AB62CC29C9}.Debug|Any CPU.ActiveCfg = Debug|Any CPU
		{83ADDD75-FF6A-4C1C-A675-A1AB62CC29C9}.Debug|Any CPU.Build.0 = Debug|Any CPU
		{83ADDD75-FF6A-4C1C-A675-A1AB62CC29C9}.Release|Any CPU.ActiveCfg = Release|Any CPU
		{83ADDD75-FF6A-4C1C-A675-A1AB62CC29C9}.Release|Any CPU.Build.0 = Release|Any CPU
	EndGlobalSection
	GlobalSection(SolutionProperties) = preSolution
		HideSolutionNode = FALSE
	EndGlobalSection
	GlobalSection(ExtensibilityGlobals) = postSolution
		SolutionGuid = {BDBA872A-7C8C-4270-A54E-97D8987A2607}
	EndGlobalSection
EndGlobal
