
Microsoft Visual Studio Solution File, Format Version 12.00
# Visual Studio Version 17
VisualStudioVersion = 17.6.33829.357
MinimumVisualStudioVersion = 10.0.40219.1
Project("{9A19103F-16F7-4668-BE54-9A1E7A4F7556}") = "MusicStore.Server", "MusicStore.Server\MusicStore.Server.csproj", "{08399291-D3AE-4E72-B301-CD76D3D716C0}"
EndProject
Project("{FAE04EC0-301F-11D3-BF4B-00C04F79EFBC}") = "MusicStore.Server.Tests", "MusicStore.Server.Tests\MusicStore.Server.Tests.csproj", "{93F55646-4A11-4BC1-AD97-F23FC2AED6EB}"
EndProject
Global
	GlobalSection(SolutionConfigurationPlatforms) = preSolution
		Debug|Any CPU = Debug|Any CPU
		Release|Any CPU = Release|Any CPU
	EndGlobalSection
	GlobalSection(ProjectConfigurationPlatforms) = postSolution
		{08399291-D3AE-4E72-B301-CD76D3D716C0}.Debug|Any CPU.ActiveCfg = Debug|Any CPU
		{08399291-D3AE-4E72-B301-CD76D3D716C0}.Debug|Any CPU.Build.0 = Debug|Any CPU
		{08399291-D3AE-4E72-B301-CD76D3D716C0}.Release|Any CPU.ActiveCfg = Release|Any CPU
		{08399291-D3AE-4E72-B301-CD76D3D716C0}.Release|Any CPU.Build.0 = Release|Any CPU
		{93F55646-4A11-4BC1-AD97-F23FC2AED6EB}.Debug|Any CPU.ActiveCfg = Debug|Any CPU
		{93F55646-4A11-4BC1-AD97-F23FC2AED6EB}.Debug|Any CPU.Build.0 = Debug|Any CPU
		{93F55646-4A11-4BC1-AD97-F23FC2AED6EB}.Release|Any CPU.ActiveCfg = Release|Any CPU
		{93F55646-4A11-4BC1-AD97-F23FC2AED6EB}.Release|Any CPU.Build.0 = Release|Any CPU
	EndGlobalSection
	GlobalSection(SolutionProperties) = preSolution
		HideSolutionNode = FALSE
	EndGlobalSection
	GlobalSection(ExtensibilityGlobals) = postSolution
		SolutionGuid = {BDBA872A-7C8C-4270-A54E-97D8987A2607}
	EndGlobalSection
EndGlobal
